// !$*UTF8*$!
{
	archiveVersion = 1;
	classes = {
	};
	objectVersion = 46;
	objects = {

/* Begin PBXBuildFile section */
		941EB3B61D3617E500101712 /* AppDelegate.swift in Sources */ = {isa = PBXBuildFile; fileRef = 941EB3B51D3617E500101712 /* AppDelegate.swift */; };
		941EB3B81D3617E500101712 /* GameScene.sks in Resources */ = {isa = PBXBuildFile; fileRef = 941EB3B71D3617E500101712 /* GameScene.sks */; };
		941EB3BA1D3617E500101712 /* GameScene.swift in Sources */ = {isa = PBXBuildFile; fileRef = 941EB3B91D3617E500101712 /* GameScene.swift */; };
		941EB3BC1D3617E500101712 /* GameViewController.swift in Sources */ = {isa = PBXBuildFile; fileRef = 941EB3BB1D3617E500101712 /* GameViewController.swift */; };
		941EB3BF1D3617E500101712 /* Main.storyboard in Resources */ = {isa = PBXBuildFile; fileRef = 941EB3BD1D3617E500101712 /* Main.storyboard */; };
		941EB3C11D3617E500101712 /* Assets.xcassets in Resources */ = {isa = PBXBuildFile; fileRef = 941EB3C01D3617E500101712 /* Assets.xcassets */; };
		941EB3C41D3617E500101712 /* LaunchScreen.storyboard in Resources */ = {isa = PBXBuildFile; fileRef = 941EB3C21D3617E500101712 /* LaunchScreen.storyboard */; };
		941EB3CF1D3617E500101712 /* FlappyBirdTests.swift in Sources */ = {isa = PBXBuildFile; fileRef = 941EB3CE1D3617E500101712 /* FlappyBirdTests.swift */; };
		941EB3DA1D3617E500101712 /* FlappyBirdUITests.swift in Sources */ = {isa = PBXBuildFile; fileRef = 941EB3D91D3617E500101712 /* FlappyBirdUITests.swift */; };
		941EB3E81D3618A700101712 /* 04B_19__.TTF in Resources */ = {isa = PBXBuildFile; fileRef = 941EB3E71D3618A700101712 /* 04B_19__.TTF */; };
		941EB3EA1D361A2E00101712 /* Info.plist in Resources */ = {isa = PBXBuildFile; fileRef = 941EB3E91D361A2E00101712 /* Info.plist */; };
		941EB3EC1D361A4D00101712 /* RandomFunction.swift in Sources */ = {isa = PBXBuildFile; fileRef = 941EB3EB1D361A4D00101712 /* RandomFunction.swift */; };
		941EB3EF1D36245400101712 /* BuiltIO.bundle in Resources */ = {isa = PBXBuildFile; fileRef = 941EB3ED1D36245400101712 /* BuiltIO.bundle */; };
		941EB3F01D36245400101712 /* BuiltIO.framework in Frameworks */ = {isa = PBXBuildFile; fileRef = 941EB3EE1D36245400101712 /* BuiltIO.framework */; };
		941EB3F21D36246D00101712 /* Accounts.framework in Frameworks */ = {isa = PBXBuildFile; fileRef = 941EB3F11D36246D00101712 /* Accounts.framework */; };
		941EB3F41D36247100101712 /* CFNetwork.framework in Frameworks */ = {isa = PBXBuildFile; fileRef = 941EB3F31D36247100101712 /* CFNetwork.framework */; };
		941EB3F61D36247600101712 /* CoreData.framework in Frameworks */ = {isa = PBXBuildFile; fileRef = 941EB3F51D36247600101712 /* CoreData.framework */; };
		941EB3F81D36247C00101712 /* CoreGraphics.framework in Frameworks */ = {isa = PBXBuildFile; fileRef = 941EB3F71D36247C00101712 /* CoreGraphics.framework */; };
		941EB3FA1D36248000101712 /* CoreLocation.framework in Frameworks */ = {isa = PBXBuildFile; fileRef = 941EB3F91D36248000101712 /* CoreLocation.framework */; };
		941EB3FC1D36248400101712 /* CoreTelephony.framework in Frameworks */ = {isa = PBXBuildFile; fileRef = 941EB3FB1D36248400101712 /* CoreTelephony.framework */; };
		941EB3FE1D36248900101712 /* MobileCoreServices.framework in Frameworks */ = {isa = PBXBuildFile; fileRef = 941EB3FD1D36248900101712 /* MobileCoreServices.framework */; };
		941EB4001D36248D00101712 /* QuartzCore.framework in Frameworks */ = {isa = PBXBuildFile; fileRef = 941EB3FF1D36248D00101712 /* QuartzCore.framework */; };
		941EB4021D36249100101712 /* Security.framework in Frameworks */ = {isa = PBXBuildFile; fileRef = 941EB4011D36249000101712 /* Security.framework */; };
		941EB4041D36249400101712 /* Social.framework in Frameworks */ = {isa = PBXBuildFile; fileRef = 941EB4031D36249400101712 /* Social.framework */; };
		941EB4061D36249900101712 /* SystemConfiguration.framework in Frameworks */ = {isa = PBXBuildFile; fileRef = 941EB4051D36249900101712 /* SystemConfiguration.framework */; };
		941EB4081D36249E00101712 /* libicucore.tbd in Frameworks */ = {isa = PBXBuildFile; fileRef = 941EB4071D36249E00101712 /* libicucore.tbd */; };
		941EB40A1D3624A300101712 /* libsqlite3.tbd in Frameworks */ = {isa = PBXBuildFile; fileRef = 941EB4091D3624A300101712 /* libsqlite3.tbd */; };
		941EB40D1D36255400101712 /* ServerConnect.swift in Sources */ = {isa = PBXBuildFile; fileRef = 941EB40C1D36255400101712 /* ServerConnect.swift */; };
/* End PBXBuildFile section */

/* Begin PBXContainerItemProxy section */
		941EB3CB1D3617E500101712 /* PBXContainerItemProxy */ = {
			isa = PBXContainerItemProxy;
			containerPortal = 941EB3AA1D3617E500101712 /* Project object */;
			proxyType = 1;
			remoteGlobalIDString = 941EB3B11D3617E500101712;
			remoteInfo = FlappyBird;
		};
		941EB3D61D3617E500101712 /* PBXContainerItemProxy */ = {
			isa = PBXContainerItemProxy;
			containerPortal = 941EB3AA1D3617E500101712 /* Project object */;
			proxyType = 1;
			remoteGlobalIDString = 941EB3B11D3617E500101712;
			remoteInfo = FlappyBird;
		};
/* End PBXContainerItemProxy section */

/* Begin PBXFileReference section */
		941EB3B21D3617E500101712 /* FlappyBird.app */ = {isa = PBXFileReference; explicitFileType = wrapper.application; includeInIndex = 0; path = FlappyBird.app; sourceTree = BUILT_PRODUCTS_DIR; };
		941EB3B51D3617E500101712 /* AppDelegate.swift */ = {isa = PBXFileReference; lastKnownFileType = sourcecode.swift; path = AppDelegate.swift; sourceTree = "<group>"; };
		941EB3B71D3617E500101712 /* GameScene.sks */ = {isa = PBXFileReference; lastKnownFileType = file.sks; path = GameScene.sks; sourceTree = "<group>"; };
		941EB3B91D3617E500101712 /* GameScene.swift */ = {isa = PBXFileReference; lastKnownFileType = sourcecode.swift; path = GameScene.swift; sourceTree = "<group>"; };
		941EB3BB1D3617E500101712 /* GameViewController.swift */ = {isa = PBXFileReference; lastKnownFileType = sourcecode.swift; path = GameViewController.swift; sourceTree = "<group>"; };
		941EB3BE1D3617E500101712 /* Base */ = {isa = PBXFileReference; lastKnownFileType = file.storyboard; name = Base; path = Base.lproj/Main.storyboard; sourceTree = "<group>"; };
		941EB3C01D3617E500101712 /* Assets.xcassets */ = {isa = PBXFileReference; lastKnownFileType = folder.assetcatalog; path = Assets.xcassets; sourceTree = "<group>"; };
		941EB3C31D3617E500101712 /* Base */ = {isa = PBXFileReference; lastKnownFileType = file.storyboard; name = Base; path = Base.lproj/LaunchScreen.storyboard; sourceTree = "<group>"; };
		941EB3CA1D3617E500101712 /* FlappyBirdTests.xctest */ = {isa = PBXFileReference; explicitFileType = wrapper.cfbundle; includeInIndex = 0; path = FlappyBirdTests.xctest; sourceTree = BUILT_PRODUCTS_DIR; };
		941EB3CE1D3617E500101712 /* FlappyBirdTests.swift */ = {isa = PBXFileReference; lastKnownFileType = sourcecode.swift; path = FlappyBirdTests.swift; sourceTree = "<group>"; };
		941EB3D01D3617E500101712 /* Info.plist */ = {isa = PBXFileReference; lastKnownFileType = text.plist.xml; path = Info.plist; sourceTree = "<group>"; };
		941EB3D51D3617E500101712 /* FlappyBirdUITests.xctest */ = {isa = PBXFileReference; explicitFileType = wrapper.cfbundle; includeInIndex = 0; path = FlappyBirdUITests.xctest; sourceTree = BUILT_PRODUCTS_DIR; };
		941EB3D91D3617E500101712 /* FlappyBirdUITests.swift */ = {isa = PBXFileReference; lastKnownFileType = sourcecode.swift; path = FlappyBirdUITests.swift; sourceTree = "<group>"; };
		941EB3DB1D3617E500101712 /* Info.plist */ = {isa = PBXFileReference; lastKnownFileType = text.plist.xml; path = Info.plist; sourceTree = "<group>"; };
		941EB3E71D3618A700101712 /* 04B_19__.TTF */ = {isa = PBXFileReference; lastKnownFileType = file; path = 04B_19__.TTF; sourceTree = "<group>"; };
		941EB3E91D361A2E00101712 /* Info.plist */ = {isa = PBXFileReference; fileEncoding = 4; lastKnownFileType = text.plist.xml; path = Info.plist; sourceTree = "<group>"; };
		941EB3EB1D361A4D00101712 /* RandomFunction.swift */ = {isa = PBXFileReference; fileEncoding = 4; lastKnownFileType = sourcecode.swift; path = RandomFunction.swift; sourceTree = "<group>"; };
		941EB3ED1D36245400101712 /* BuiltIO.bundle */ = {isa = PBXFileReference; lastKnownFileType = "wrapper.plug-in"; path = BuiltIO.bundle; sourceTree = "<group>"; };
		941EB3EE1D36245400101712 /* BuiltIO.framework */ = {isa = PBXFileReference; lastKnownFileType = wrapper.framework; path = BuiltIO.framework; sourceTree = "<group>"; };
		941EB3F11D36246D00101712 /* Accounts.framework */ = {isa = PBXFileReference; lastKnownFileType = wrapper.framework; name = Accounts.framework; path = System/Library/Frameworks/Accounts.framework; sourceTree = SDKROOT; };
		941EB3F31D36247100101712 /* CFNetwork.framework */ = {isa = PBXFileReference; lastKnownFileType = wrapper.framework; name = CFNetwork.framework; path = System/Library/Frameworks/CFNetwork.framework; sourceTree = SDKROOT; };
		941EB3F51D36247600101712 /* CoreData.framework */ = {isa = PBXFileReference; lastKnownFileType = wrapper.framework; name = CoreData.framework; path = System/Library/Frameworks/CoreData.framework; sourceTree = SDKROOT; };
		941EB3F71D36247C00101712 /* CoreGraphics.framework */ = {isa = PBXFileReference; lastKnownFileType = wrapper.framework; name = CoreGraphics.framework; path = System/Library/Frameworks/CoreGraphics.framework; sourceTree = SDKROOT; };
		941EB3F91D36248000101712 /* CoreLocation.framework */ = {isa = PBXFileReference; lastKnownFileType = wrapper.framework; name = CoreLocation.framework; path = System/Library/Frameworks/CoreLocation.framework; sourceTree = SDKROOT; };
		941EB3FB1D36248400101712 /* CoreTelephony.framework */ = {isa = PBXFileReference; lastKnownFileType = wrapper.framework; name = CoreTelephony.framework; path = System/Library/Frameworks/CoreTelephony.framework; sourceTree = SDKROOT; };
		941EB3FD1D36248900101712 /* MobileCoreServices.framework */ = {isa = PBXFileReference; lastKnownFileType = wrapper.framework; name = MobileCoreServices.framework; path = System/Library/Frameworks/MobileCoreServices.framework; sourceTree = SDKROOT; };
		941EB3FF1D36248D00101712 /* QuartzCore.framework */ = {isa = PBXFileReference; lastKnownFileType = wrapper.framework; name = QuartzCore.framework; path = System/Library/Frameworks/QuartzCore.framework; sourceTree = SDKROOT; };
		941EB4011D36249000101712 /* Security.framework */ = {isa = PBXFileReference; lastKnownFileType = wrapper.framework; name = Security.framework; path = System/Library/Frameworks/Security.framework; sourceTree = SDKROOT; };
		941EB4031D36249400101712 /* Social.framework */ = {isa = PBXFileReference; lastKnownFileType = wrapper.framework; name = Social.framework; path = System/Library/Frameworks/Social.framework; sourceTree = SDKROOT; };
		941EB4051D36249900101712 /* SystemConfiguration.framework */ = {isa = PBXFileReference; lastKnownFileType = wrapper.framework; name = SystemConfiguration.framework; path = System/Library/Frameworks/SystemConfiguration.framework; sourceTree = SDKROOT; };
		941EB4071D36249E00101712 /* libicucore.tbd */ = {isa = PBXFileReference; lastKnownFileType = "sourcecode.text-based-dylib-definition"; name = libicucore.tbd; path = usr/lib/libicucore.tbd; sourceTree = SDKROOT; };
		941EB4091D3624A300101712 /* libsqlite3.tbd */ = {isa = PBXFileReference; lastKnownFileType = "sourcecode.text-based-dylib-definition"; name = libsqlite3.tbd; path = usr/lib/libsqlite3.tbd; sourceTree = SDKROOT; };
		941EB40B1D3624CE00101712 /* BridgeHeader.h */ = {isa = PBXFileReference; lastKnownFileType = sourcecode.c.h; path = BridgeHeader.h; sourceTree = "<group>"; };
		941EB40C1D36255400101712 /* ServerConnect.swift */ = {isa = PBXFileReference; fileEncoding = 4; lastKnownFileType = sourcecode.swift; path = ServerConnect.swift; sourceTree = "<group>"; };
/* End PBXFileReference section */

/* Begin PBXFrameworksBuildPhase section */
		941EB3AF1D3617E500101712 /* Frameworks */ = {
			isa = PBXFrameworksBuildPhase;
			buildActionMask = 2147483647;
			files = (
				941EB40A1D3624A300101712 /* libsqlite3.tbd in Frameworks */,
				941EB4081D36249E00101712 /* libicucore.tbd in Frameworks */,
				941EB4061D36249900101712 /* SystemConfiguration.framework in Frameworks */,
				941EB4041D36249400101712 /* Social.framework in Frameworks */,
				941EB4021D36249100101712 /* Security.framework in Frameworks */,
				941EB4001D36248D00101712 /* QuartzCore.framework in Frameworks */,
				941EB3FE1D36248900101712 /* MobileCoreServices.framework in Frameworks */,
				941EB3FC1D36248400101712 /* CoreTelephony.framework in Frameworks */,
				941EB3FA1D36248000101712 /* CoreLocation.framework in Frameworks */,
				941EB3F81D36247C00101712 /* CoreGraphics.framework in Frameworks */,
				941EB3F61D36247600101712 /* CoreData.framework in Frameworks */,
				941EB3F41D36247100101712 /* CFNetwork.framework in Frameworks */,
				941EB3F21D36246D00101712 /* Accounts.framework in Frameworks */,
				941EB3F01D36245400101712 /* BuiltIO.framework in Frameworks */,
			);
			runOnlyForDeploymentPostprocessing = 0;
		};
		941EB3C71D3617E500101712 /* Frameworks */ = {
			isa = PBXFrameworksBuildPhase;
			buildActionMask = 2147483647;
			files = (
			);
			runOnlyForDeploymentPostprocessing = 0;
		};
		941EB3D21D3617E500101712 /* Frameworks */ = {
			isa = PBXFrameworksBuildPhase;
			buildActionMask = 2147483647;
			files = (
			);
			runOnlyForDeploymentPostprocessing = 0;
		};
/* End PBXFrameworksBuildPhase section */

/* Begin PBXGroup section */
		941EB3A91D3617E500101712 = {
			isa = PBXGroup;
			children = (
				941EB3B41D3617E500101712 /* FlappyBird */,
				941EB3CD1D3617E500101712 /* FlappyBirdTests */,
				941EB3D81D3617E500101712 /* FlappyBirdUITests */,
				941EB3B31D3617E500101712 /* Products */,
				941EB4091D3624A300101712 /* libsqlite3.tbd */,
				941EB4071D36249E00101712 /* libicucore.tbd */,
				941EB4051D36249900101712 /* SystemConfiguration.framework */,
				941EB4031D36249400101712 /* Social.framework */,
				941EB4011D36249000101712 /* Security.framework */,
				941EB3FF1D36248D00101712 /* QuartzCore.framework */,
				941EB3FD1D36248900101712 /* MobileCoreServices.framework */,
				941EB3FB1D36248400101712 /* CoreTelephony.framework */,
				941EB3F91D36248000101712 /* CoreLocation.framework */,
				941EB3F71D36247C00101712 /* CoreGraphics.framework */,
				941EB3F51D36247600101712 /* CoreData.framework */,
				941EB3F31D36247100101712 /* CFNetwork.framework */,
				941EB3F11D36246D00101712 /* Accounts.framework */,
				941EB3ED1D36245400101712 /* BuiltIO.bundle */,
				941EB3EE1D36245400101712 /* BuiltIO.framework */,
			);
			sourceTree = "<group>";
		};
		941EB3B31D3617E500101712 /* Products */ = {
			isa = PBXGroup;
			children = (
				941EB3B21D3617E500101712 /* FlappyBird.app */,
				941EB3CA1D3617E500101712 /* FlappyBirdTests.xctest */,
				941EB3D51D3617E500101712 /* FlappyBirdUITests.xctest */,
			);
			name = Products;
			sourceTree = "<group>";
		};
		941EB3B41D3617E500101712 /* FlappyBird */ = {
			isa = PBXGroup;
			children = (
				941EB3E71D3618A700101712 /* 04B_19__.TTF */,
				941EB3B51D3617E500101712 /* AppDelegate.swift */,
				941EB3B71D3617E500101712 /* GameScene.sks */,
				941EB3B91D3617E500101712 /* GameScene.swift */,
				941EB3BB1D3617E500101712 /* GameViewController.swift */,
				941EB3EB1D361A4D00101712 /* RandomFunction.swift */,
				941EB40C1D36255400101712 /* ServerConnect.swift */,
				941EB3BD1D3617E500101712 /* Main.storyboard */,
				941EB3E91D361A2E00101712 /* Info.plist */,
				941EB3C01D3617E500101712 /* Assets.xcassets */,
				941EB3C21D3617E500101712 /* LaunchScreen.storyboard */,
				941EB40B1D3624CE00101712 /* BridgeHeader.h */,
			);
			path = FlappyBird;
			sourceTree = "<group>";
		};
		941EB3CD1D3617E500101712 /* FlappyBirdTests */ = {
			isa = PBXGroup;
			children = (
				941EB3CE1D3617E500101712 /* FlappyBirdTests.swift */,
				941EB3D01D3617E500101712 /* Info.plist */,
			);
			path = FlappyBirdTests;
			sourceTree = "<group>";
		};
		941EB3D81D3617E500101712 /* FlappyBirdUITests */ = {
			isa = PBXGroup;
			children = (
				941EB3D91D3617E500101712 /* FlappyBirdUITests.swift */,
				941EB3DB1D3617E500101712 /* Info.plist */,
			);
			path = FlappyBirdUITests;
			sourceTree = "<group>";
		};
/* End PBXGroup section */

/* Begin PBXNativeTarget section */
		941EB3B11D3617E500101712 /* FlappyBird */ = {
			isa = PBXNativeTarget;
			buildConfigurationList = 941EB3DE1D3617E500101712 /* Build configuration list for PBXNativeTarget "FlappyBird" */;
			buildPhases = (
				941EB3AE1D3617E500101712 /* Sources */,
				941EB3AF1D3617E500101712 /* Frameworks */,
				941EB3B01D3617E500101712 /* Resources */,
			);
			buildRules = (
			);
			dependencies = (
			);
			name = FlappyBird;
			productName = FlappyBird;
			productReference = 941EB3B21D3617E500101712 /* FlappyBird.app */;
			productType = "com.apple.product-type.application";
		};
		941EB3C91D3617E500101712 /* FlappyBirdTests */ = {
			isa = PBXNativeTarget;
			buildConfigurationList = 941EB3E11D3617E500101712 /* Build configuration list for PBXNativeTarget "FlappyBirdTests" */;
			buildPhases = (
				941EB3C61D3617E500101712 /* Sources */,
				941EB3C71D3617E500101712 /* Frameworks */,
				941EB3C81D3617E500101712 /* Resources */,
			);
			buildRules = (
			);
			dependencies = (
				941EB3CC1D3617E500101712 /* PBXTargetDependency */,
			);
			name = FlappyBirdTests;
			productName = FlappyBirdTests;
			productReference = 941EB3CA1D3617E500101712 /* FlappyBirdTests.xctest */;
			productType = "com.apple.product-type.bundle.unit-test";
		};
		941EB3D41D3617E500101712 /* FlappyBirdUITests */ = {
			isa = PBXNativeTarget;
			buildConfigurationList = 941EB3E41D3617E500101712 /* Build configuration list for PBXNativeTarget "FlappyBirdUITests" */;
			buildPhases = (
				941EB3D11D3617E500101712 /* Sources */,
				941EB3D21D3617E500101712 /* Frameworks */,
				941EB3D31D3617E500101712 /* Resources */,
			);
			buildRules = (
			);
			dependencies = (
				941EB3D71D3617E500101712 /* PBXTargetDependency */,
			);
			name = FlappyBirdUITests;
			productName = FlappyBirdUITests;
			productReference = 941EB3D51D3617E500101712 /* FlappyBirdUITests.xctest */;
			productType = "com.apple.product-type.bundle.ui-testing";
		};
/* End PBXNativeTarget section */

/* Begin PBXProject section */
		941EB3AA1D3617E500101712 /* Project object */ = {
			isa = PBXProject;
			attributes = {
				LastSwiftUpdateCheck = 0730;
				LastUpgradeCheck = 0730;
				ORGANIZATIONNAME = RickyAvina;
				TargetAttributes = {
					941EB3B11D3617E500101712 = {
						CreatedOnToolsVersion = 7.3.1;
						DevelopmentTeam = 6NEUAR985J;
					};
					941EB3C91D3617E500101712 = {
						CreatedOnToolsVersion = 7.3.1;
						DevelopmentTeam = 6NEUAR985J;
						TestTargetID = 941EB3B11D3617E500101712;
					};
					941EB3D41D3617E500101712 = {
						CreatedOnToolsVersion = 7.3.1;
						DevelopmentTeam = 6NEUAR985J;
						TestTargetID = 941EB3B11D3617E500101712;
					};
				};
			};
			buildConfigurationList = 941EB3AD1D3617E500101712 /* Build configuration list for PBXProject "FlappyBird" */;
			compatibilityVersion = "Xcode 3.2";
			developmentRegion = English;
			hasScannedForEncodings = 0;
			knownRegions = (
				en,
				Base,
			);
			mainGroup = 941EB3A91D3617E500101712;
			productRefGroup = 941EB3B31D3617E500101712 /* Products */;
			projectDirPath = "";
			projectRoot = "";
			targets = (
				941EB3B11D3617E500101712 /* FlappyBird */,
				941EB3C91D3617E500101712 /* FlappyBirdTests */,
				941EB3D41D3617E500101712 /* FlappyBirdUITests */,
			);
		};
/* End PBXProject section */

/* Begin PBXResourcesBuildPhase section */
		941EB3B01D3617E500101712 /* Resources */ = {
			isa = PBXResourcesBuildPhase;
			buildActionMask = 2147483647;
			files = (
				941EB3B81D3617E500101712 /* GameScene.sks in Resources */,
				941EB3C41D3617E500101712 /* LaunchScreen.storyboard in Resources */,
				941EB3E81D3618A700101712 /* 04B_19__.TTF in Resources */,
				941EB3C11D3617E500101712 /* Assets.xcassets in Resources */,
				941EB3EA1D361A2E00101712 /* Info.plist in Resources */,
				941EB3BF1D3617E500101712 /* Main.storyboard in Resources */,
				941EB3EF1D36245400101712 /* BuiltIO.bundle in Resources */,
			);
			runOnlyForDeploymentPostprocessing = 0;
		};
		941EB3C81D3617E500101712 /* Resources */ = {
			isa = PBXResourcesBuildPhase;
			buildActionMask = 2147483647;
			files = (
			);
			runOnlyForDeploymentPostprocessing = 0;
		};
		941EB3D31D3617E500101712 /* Resources */ = {
			isa = PBXResourcesBuildPhase;
			buildActionMask = 2147483647;
			files = (
			);
			runOnlyForDeploymentPostprocessing = 0;
		};
/* End PBXResourcesBuildPhase section */

/* Begin PBXSourcesBuildPhase section */
		941EB3AE1D3617E500101712 /* Sources */ = {
			isa = PBXSourcesBuildPhase;
			buildActionMask = 2147483647;
			files = (
				941EB3BA1D3617E500101712 /* GameScene.swift in Sources */,
				941EB3BC1D3617E500101712 /* GameViewController.swift in Sources */,
				941EB3EC1D361A4D00101712 /* RandomFunction.swift in Sources */,
				941EB40D1D36255400101712 /* ServerConnect.swift in Sources */,
				941EB3B61D3617E500101712 /* AppDelegate.swift in Sources */,
			);
			runOnlyForDeploymentPostprocessing = 0;
		};
		941EB3C61D3617E500101712 /* Sources */ = {
			isa = PBXSourcesBuildPhase;
			buildActionMask = 2147483647;
			files = (
				941EB3CF1D3617E500101712 /* FlappyBirdTests.swift in Sources */,
			);
			runOnlyForDeploymentPostprocessing = 0;
		};
		941EB3D11D3617E500101712 /* Sources */ = {
			isa = PBXSourcesBuildPhase;
			buildActionMask = 2147483647;
			files = (
				941EB3DA1D3617E500101712 /* FlappyBirdUITests.swift in Sources */,
			);
			runOnlyForDeploymentPostprocessing = 0;
		};
/* End PBXSourcesBuildPhase section */

/* Begin PBXTargetDependency section */
		941EB3CC1D3617E500101712 /* PBXTargetDependency */ = {
			isa = PBXTargetDependency;
			target = 941EB3B11D3617E500101712 /* FlappyBird */;
			targetProxy = 941EB3CB1D3617E500101712 /* PBXContainerItemProxy */;
		};
		941EB3D71D3617E500101712 /* PBXTargetDependency */ = {
			isa = PBXTargetDependency;
			target = 941EB3B11D3617E500101712 /* FlappyBird */;
			targetProxy = 941EB3D61D3617E500101712 /* PBXContainerItemProxy */;
		};
/* End PBXTargetDependency section */

/* Begin PBXVariantGroup section */
		941EB3BD1D3617E500101712 /* Main.storyboard */ = {
			isa = PBXVariantGroup;
			children = (
				941EB3BE1D3617E500101712 /* Base */,
			);
			name = Main.storyboard;
			sourceTree = "<group>";
		};
		941EB3C21D3617E500101712 /* LaunchScreen.storyboard */ = {
			isa = PBXVariantGroup;
			children = (
				941EB3C31D3617E500101712 /* Base */,
			);
			name = LaunchScreen.storyboard;
			sourceTree = "<group>";
		};
/* End PBXVariantGroup section */

/* Begin XCBuildConfiguration section */
		941EB3DC1D3617E500101712 /* Debug */ = {
			isa = XCBuildConfiguration;
			buildSettings = {
				ALWAYS_SEARCH_USER_PATHS = NO;
				CLANG_ANALYZER_NONNULL = YES;
				CLANG_CXX_LANGUAGE_STANDARD = "gnu++0x";
				CLANG_CXX_LIBRARY = "libc++";
				CLANG_ENABLE_MODULES = YES;
				CLANG_ENABLE_OBJC_ARC = YES;
				CLANG_WARN_BOOL_CONVERSION = YES;
				CLANG_WARN_CONSTANT_CONVERSION = YES;
				CLANG_WARN_DIRECT_OBJC_ISA_USAGE = YES_ERROR;
				CLANG_WARN_EMPTY_BODY = YES;
				CLANG_WARN_ENUM_CONVERSION = YES;
				CLANG_WARN_INT_CONVERSION = YES;
				CLANG_WARN_OBJC_ROOT_CLASS = YES_ERROR;
				CLANG_WARN_UNREACHABLE_CODE = YES;
				CLANG_WARN__DUPLICATE_METHOD_MATCH = YES;
				"CODE_SIGN_IDENTITY[sdk=iphoneos*]" = "iPhone Developer";
				COPY_PHASE_STRIP = NO;
				DEBUG_INFORMATION_FORMAT = "dwarf-with-dsym";
				ENABLE_STRICT_OBJC_MSGSEND = YES;
				ENABLE_TESTABILITY = YES;
				GCC_C_LANGUAGE_STANDARD = gnu99;
				GCC_DYNAMIC_NO_PIC = NO;
				GCC_NO_COMMON_BLOCKS = YES;
				GCC_OPTIMIZATION_LEVEL = 0;
				GCC_PREPROCESSOR_DEFINITIONS = (
					"DEBUG=1",
					"$(inherited)",
				);
				GCC_WARN_64_TO_32_BIT_CONVERSION = YES;
				GCC_WARN_ABOUT_RETURN_TYPE = YES_ERROR;
				GCC_WARN_UNDECLARED_SELECTOR = YES;
				GCC_WARN_UNINITIALIZED_AUTOS = YES_AGGRESSIVE;
				GCC_WARN_UNUSED_FUNCTION = YES;
				GCC_WARN_UNUSED_VARIABLE = YES;
				IPHONEOS_DEPLOYMENT_TARGET = 9.3;
				MTL_ENABLE_DEBUG_INFO = YES;
				ONLY_ACTIVE_ARCH = YES;
				SDKROOT = iphoneos;
				SWIFT_OPTIMIZATION_LEVEL = "-Onone";
				TARGETED_DEVICE_FAMILY = "1,2";
			};
			name = Debug;
		};
		941EB3DD1D3617E500101712 /* Release */ = {
			isa = XCBuildConfiguration;
			buildSettings = {
				ALWAYS_SEARCH_USER_PATHS = NO;
				CLANG_ANALYZER_NONNULL = YES;
				CLANG_CXX_LANGUAGE_STANDARD = "gnu++0x";
				CLANG_CXX_LIBRARY = "libc++";
				CLANG_ENABLE_MODULES = YES;
				CLANG_ENABLE_OBJC_ARC = YES;
				CLANG_WARN_BOOL_CONVERSION = YES;
				CLANG_WARN_CONSTANT_CONVERSION = YES;
				CLANG_WARN_DIRECT_OBJC_ISA_USAGE = YES_ERROR;
				CLANG_WARN_EMPTY_BODY = YES;
				CLANG_WARN_ENUM_CONVERSION = YES;
				CLANG_WARN_INT_CONVERSION = YES;
				CLANG_WARN_OBJC_ROOT_CLASS = YES_ERROR;
				CLANG_WARN_UNREACHABLE_CODE = YES;
				CLANG_WARN__DUPLICATE_METHOD_MATCH = YES;
				"CODE_SIGN_IDENTITY[sdk=iphoneos*]" = "iPhone Developer";
				COPY_PHASE_STRIP = NO;
				DEBUG_INFORMATION_FORMAT = "dwarf-with-dsym";
				ENABLE_NS_ASSERTIONS = NO;
				ENABLE_STRICT_OBJC_MSGSEND = YES;
				GCC_C_LANGUAGE_STANDARD = gnu99;
				GCC_NO_COMMON_BLOCKS = YES;
				GCC_WARN_64_TO_32_BIT_CONVERSION = YES;
				GCC_WARN_ABOUT_RETURN_TYPE = YES_ERROR;
				GCC_WARN_UNDECLARED_SELECTOR = YES;
				GCC_WARN_UNINITIALIZED_AUTOS = YES_AGGRESSIVE;
				GCC_WARN_UNUSED_FUNCTION = YES;
				GCC_WARN_UNUSED_VARIABLE = YES;
				IPHONEOS_DEPLOYMENT_TARGET = 9.3;
				MTL_ENABLE_DEBUG_INFO = NO;
				SDKROOT = iphoneos;
				TARGETED_DEVICE_FAMILY = "1,2";
				VALIDATE_PRODUCT = YES;
			};
			name = Release;
		};
		941EB3DF1D3617E500101712 /* Debug */ = {
			isa = XCBuildConfiguration;
			buildSettings = {
				ASSETCATALOG_COMPILER_APPICON_NAME = AppIcon;
				FRAMEWORK_SEARCH_PATHS = (
					"$(inherited)",
					"$(PROJECT_DIR)",
				);
				INFOPLIST_FILE = FlappyBird/Info.plist;
				LD_RUNPATH_SEARCH_PATHS = "$(inherited) @executable_path/Frameworks";
				OTHER_LDFLAGS = "-ObjC";
				PRODUCT_BUNDLE_IDENTIFIER = RickyAvina.FlappyBird;
				PRODUCT_NAME = "$(TARGET_NAME)";
				SWIFT_OBJC_BRIDGING_HEADER = FlappyBird/BridgeHeader.h;
			};
			name = Debug;
		};
		941EB3E01D3617E500101712 /* Release */ = {
			isa = XCBuildConfiguration;
			buildSettings = {
				ASSETCATALOG_COMPILER_APPICON_NAME = AppIcon;
				FRAMEWORK_SEARCH_PATHS = (
					"$(inherited)",
					"$(PROJECT_DIR)",
				);
				INFOPLIST_FILE = FlappyBird/Info.plist;
				LD_RUNPATH_SEARCH_PATHS = "$(inherited) @executable_path/Frameworks";
				OTHER_LDFLAGS = "-ObjC";
				PRODUCT_BUNDLE_IDENTIFIER = RickyAvina.FlappyBird;
				PRODUCT_NAME = "$(TARGET_NAME)";
				SWIFT_OBJC_BRIDGING_HEADER = FlappyBird/BridgeHeader.h;
			};
			name = Release;
		};
		941EB3E21D3617E500101712 /* Debug */ = {
			isa = XCBuildConfiguration;
			buildSettings = {
				BUNDLE_LOADER = "$(TEST_HOST)";
				DEBUG_INFORMATION_FORMAT = dwarf;
				INFOPLIST_FILE = FlappyBirdTests/Info.plist;
				LD_RUNPATH_SEARCH_PATHS = "$(inherited) @executable_path/Frameworks @loader_path/Frameworks";
				PRODUCT_BUNDLE_IDENTIFIER = RickyAvina.FlappyBirdTests;
				PRODUCT_NAME = "$(TARGET_NAME)";
				TEST_HOST = "$(BUILT_PRODUCTS_DIR)/FlappyBird.app/FlappyBird";
			};
			name = Debug;
		};
		941EB3E31D3617E500101712 /* Release */ = {
			isa = XCBuildConfiguration;
			buildSettings = {
				BUNDLE_LOADER = "$(TEST_HOST)";
				INFOPLIST_FILE = FlappyBirdTests/Info.plist;
				LD_RUNPATH_SEARCH_PATHS = "$(inherited) @executable_path/Frameworks @loader_path/Frameworks";
				PRODUCT_BUNDLE_IDENTIFIER = RickyAvina.FlappyBirdTests;
				PRODUCT_NAME = "$(TARGET_NAME)";
				TEST_HOST = "$(BUILT_PRODUCTS_DIR)/FlappyBird.app/FlappyBird";
			};
			name = Release;
		};
		941EB3E51D3617E500101712 /* Debug */ = {
			isa = XCBuildConfiguration;
			buildSettings = {
				DEBUG_INFORMATION_FORMAT = dwarf;
				INFOPLIST_FILE = FlappyBirdUITests/Info.plist;
				LD_RUNPATH_SEARCH_PATHS = "$(inherited) @executable_path/Frameworks @loader_path/Frameworks";
				PRODUCT_BUNDLE_IDENTIFIER = RickyAvina.FlappyBirdUITests;
				PRODUCT_NAME = "$(TARGET_NAME)";
				TEST_TARGET_NAME = FlappyBird;
			};
			name = Debug;
		};
		941EB3E61D3617E500101712 /* Release */ = {
			isa = XCBuildConfiguration;
			buildSettings = {
				INFOPLIST_FILE = FlappyBirdUITests/Info.plist;
				LD_RUNPATH_SEARCH_PATHS = "$(inherited) @executable_path/Frameworks @loader_path/Frameworks";
				PRODUCT_BUNDLE_IDENTIFIER = RickyAvina.FlappyBirdUITests;
				PRODUCT_NAME = "$(TARGET_NAME)";
				TEST_TARGET_NAME = FlappyBird;
			};
			name = Release;
		};
/* End XCBuildConfiguration section */

/* Begin XCConfigurationList section */
		941EB3AD1D3617E500101712 /* Build configuration list for PBXProject "FlappyBird" */ = {
			isa = XCConfigurationList;
			buildConfigurations = (
				941EB3DC1D3617E500101712 /* Debug */,
				941EB3DD1D3617E500101712 /* Release */,
			);
			defaultConfigurationIsVisible = 0;
			defaultConfigurationName = Release;
		};
		941EB3DE1D3617E500101712 /* Build configuration list for PBXNativeTarget "FlappyBird" */ = {
			isa = XCConfigurationList;
			buildConfigurations = (
				941EB3DF1D3617E500101712 /* Debug */,
				941EB3E01D3617E500101712 /* Release */,
			);
			defaultConfigurationIsVisible = 0;
			defaultConfigurationName = Release;
		};
		941EB3E11D3617E500101712 /* Build configuration list for PBXNativeTarget "FlappyBirdTests" */ = {
			isa = XCConfigurationList;
			buildConfigurations = (
				941EB3E21D3617E500101712 /* Debug */,
				941EB3E31D3617E500101712 /* Release */,
			);
			defaultConfigurationIsVisible = 0;
			defaultConfigurationName = Release;
		};
		941EB3E41D3617E500101712 /* Build configuration list for PBXNativeTarget "FlappyBirdUITests" */ = {
			isa = XCConfigurationList;
			buildConfigurations = (
				941EB3E51D3617E500101712 /* Debug */,
				941EB3E61D3617E500101712 /* Release */,
			);
			defaultConfigurationIsVisible = 0;
			defaultConfigurationName = Release;
		};
/* End XCConfigurationList section */
	};
	rootObject = 941EB3AA1D3617E500101712 /* Project object */;
}
